# generated by rye
# use `rye lock` or `rye sync` to update this lockfile
#
# last locked with the following flags:
#   pre: false
#   features: []
#   all-features: false
#   with-sources: false

-e file:.
certifi==2024.6.2
    # via pyogrio
    # via pyproj
contourpy==1.2.1
    # via matplotlib
cycler==0.12.1
    # via matplotlib
fonttools==4.53.0
    # via matplotlib
geopandas==1.0.0
    # via symbolic-plane-analysis
kiwisolver==1.4.5
    # via matplotlib
markdown-it-py==3.0.0
    # via rich
matplotlib==3.9.0
    # via symbolic-plane-analysis
mdurl==0.1.2
    # via markdown-it-py
numpy==2.0.0
    # via contourpy
    # via geopandas
    # via matplotlib
    # via pandas
    # via polars
    # via pyarrow
    # via pyogrio
    # via shapely
packaging==24.1
    # via geopandas
    # via matplotlib
    # via pyogrio
pandas==2.2.2
    # via geopandas
    # via polars
pillow==10.3.0
    # via matplotlib
polars==0.20.31
    # via symbolic-plane-analysis
pyarrow==16.1.0
    # via polars
pygments==2.18.0
    # via rich
pyogrio==0.9.0
    # via geopandas
pyparsing==3.1.2
    # via matplotlib
pyproj==3.6.1
    # via geopandas
python-dateutil==2.9.0.post0
    # via matplotlib
    # via pandas
pytz==2024.1
    # via pandas
rich==13.7.1
    # via symbolic-plane-analysis
shapely==2.0.4
    # via geopandas
    # via symbolic-plane-analysis
six==1.16.0
    # via python-dateutil
tzdata==2024.1
    # via pandas
